# generated by rye
# use `rye lock` or `rye sync` to update this lockfile
#
# last locked with the following flags:
#   pre: false
#   features: []
#   all-features: false
#   with-sources: false
#   generate-hashes: false
#   universal: false

beautifulsoup4==4.12.3
    # via mf2py
    # via recipe-scrapers
certifi==2024.7.4
    # via requests
charset-normalizer==3.3.2
    # via requests
extruct==0.17.0
    # via recipe-scrapers
html-text==0.6.2
    # via extruct
html5lib==1.1
    # via mf2py
    # via pyrdfa3
idna==3.7
    # via requests
isodate==0.6.1
    # via rdflib
    # via recipe-scrapers
jstyleson==0.0.2
    # via extruct
lxml==5.2.2
    # via extruct
    # via html-text
    # via lxml-html-clean
lxml-html-clean==0.1.1
    # via extruct
    # via html-text
mf2py==2.0.1
    # via extruct
pyparsing==3.1.2
    # via rdflib
pyrdfa3==3.6.2
    # via extruct
rdflib==7.0.0
    # via extruct
    # via pyrdfa3
recipe-scrapers==14.57.0
requests==2.32.3
    # via mf2py
    # via pyrdfa3
    # via recipe-scrapers
six==1.16.0
    # via html5lib
    # via isodate
soupsieve==2.5
    # via beautifulsoup4
urllib3==2.2.2
    # via requests
w3lib==2.2.1
    # via extruct
webencodings==0.5.1
    # via html5lib
