version = 1
requires-python = ">=3.12"

[[package]]
name = "beautifulsoup4"
version = "4.12.3"
source = { registry = "https://pypi.org/simple" }
dependencies = [
    { name = "soupsieve" },
]
sdist = { url = "https://files.pythonhosted.org/packages/b3/ca/824b1195773ce6166d388573fc106ce56d4a805bd7427b624e063596ec58/beautifulsoup4-4.12.3.tar.gz", hash = "sha256:74e3d1928edc070d21748185c46e3fb33490f22f52a3addee9aee0f4f7781051", size = 581181 }
wheels = [
    { url = "https://files.pythonhosted.org/packages/b1/fe/e8c672695b37eecc5cbf43e1d0638d88d66ba3a44c4d321c796f4e59167f/beautifulsoup4-4.12.3-py3-none-any.whl", hash = "sha256:b80878c9f40111313e55da8ba20bdba06d8fa3969fc68304167741bbf9e082ed", size = 147925 },
]

[[package]]
name = "certifi"
version = "2024.8.30"
source = { registry = "https://pypi.org/simple" }
sdist = { url = "https://files.pythonhosted.org/packages/b0/ee/9b19140fe824b367c04c5e1b369942dd754c4c5462d5674002f75c4dedc1/certifi-2024.8.30.tar.gz", hash = "sha256:bec941d2aa8195e248a60b31ff9f0558284cf01a52591ceda73ea9afffd69fd9", size = 168507 }
wheels = [
    { url = "https://files.pythonhosted.org/packages/12/90/3c9ff0512038035f59d279fddeb79f5f1eccd8859f06d6163c58798b9487/certifi-2024.8.30-py3-none-any.whl", hash = "sha256:922820b53db7a7257ffbda3f597266d435245903d80737e34f8a45ff3e3230d8", size = 167321 },
]

[[package]]
name = "charset-normalizer"
version = "3.3.2"
source = { registry = "https://pypi.org/simple" }
sdist = { url = "https://files.pythonhosted.org/packages/63/09/c1bc53dab74b1816a00d8d030de5bf98f724c52c1635e07681d312f20be8/charset-normalizer-3.3.2.tar.gz", hash = "sha256:f30c3cb33b24454a82faecaf01b19c18562b1e89558fb6c56de4d9118a032fd5", size = 104809 }
wheels = [
    { url = "https://files.pythonhosted.org/packages/d1/b2/fcedc8255ec42afee97f9e6f0145c734bbe104aac28300214593eb326f1d/charset_normalizer-3.3.2-cp312-cp312-macosx_10_9_universal2.whl", hash = "sha256:0b2b64d2bb6d3fb9112bafa732def486049e63de9618b5843bcdd081d8144cd8", size = 192892 },
    { url = "https://files.pythonhosted.org/packages/2e/7d/2259318c202f3d17f3fe6438149b3b9e706d1070fe3fcbb28049730bb25c/charset_normalizer-3.3.2-cp312-cp312-macosx_10_9_x86_64.whl", hash = "sha256:ddbb2551d7e0102e7252db79ba445cdab71b26640817ab1e3e3648dad515003b", size = 122213 },
    { url = "https://files.pythonhosted.org/packages/3a/52/9f9d17c3b54dc238de384c4cb5a2ef0e27985b42a0e5cc8e8a31d918d48d/charset_normalizer-3.3.2-cp312-cp312-macosx_11_0_arm64.whl", hash = "sha256:55086ee1064215781fff39a1af09518bc9255b50d6333f2e4c74ca09fac6a8f6", size = 119404 },
    { url = "https://files.pythonhosted.org/packages/99/b0/9c365f6d79a9f0f3c379ddb40a256a67aa69c59609608fe7feb6235896e1/charset_normalizer-3.3.2-cp312-cp312-manylinux_2_17_aarch64.manylinux2014_aarch64.whl", hash = "sha256:8f4a014bc36d3c57402e2977dada34f9c12300af536839dc38c0beab8878f38a", size = 137275 },
    { url = "https://files.pythonhosted.org/packages/91/33/749df346e93d7a30cdcb90cbfdd41a06026317bfbfb62cd68307c1a3c543/charset_normalizer-3.3.2-cp312-cp312-manylinux_2_17_ppc64le.manylinux2014_ppc64le.whl", hash = "sha256:a10af20b82360ab00827f916a6058451b723b4e65030c5a18577c8b2de5b3389", size = 147518 },
    { url = "https://files.pythonhosted.org/packages/72/1a/641d5c9f59e6af4c7b53da463d07600a695b9824e20849cb6eea8a627761/charset_normalizer-3.3.2-cp312-cp312-manylinux_2_17_s390x.manylinux2014_s390x.whl", hash = "sha256:8d756e44e94489e49571086ef83b2bb8ce311e730092d2c34ca8f7d925cb20aa", size = 140182 },
    { url = "https://files.pythonhosted.org/packages/ee/fb/14d30eb4956408ee3ae09ad34299131fb383c47df355ddb428a7331cfa1e/charset_normalizer-3.3.2-cp312-cp312-manylinux_2_17_x86_64.manylinux2014_x86_64.whl", hash = "sha256:90d558489962fd4918143277a773316e56c72da56ec7aa3dc3dbbe20fdfed15b", size = 141869 },
    { url = "https://files.pythonhosted.org/packages/df/3e/a06b18788ca2eb6695c9b22325b6fde7dde0f1d1838b1792a0076f58fe9d/charset_normalizer-3.3.2-cp312-cp312-manylinux_2_5_i686.manylinux1_i686.manylinux_2_17_i686.manylinux2014_i686.whl", hash = "sha256:6ac7ffc7ad6d040517be39eb591cac5ff87416c2537df6ba3cba3bae290c0fed", size = 144042 },
    { url = "https://files.pythonhosted.org/packages/45/59/3d27019d3b447a88fe7e7d004a1e04be220227760264cc41b405e863891b/charset_normalizer-3.3.2-cp312-cp312-musllinux_1_1_aarch64.whl", hash = "sha256:7ed9e526742851e8d5cc9e6cf41427dfc6068d4f5a3bb03659444b4cabf6bc26", size = 138275 },
    { url = "https://files.pythonhosted.org/packages/7b/ef/5eb105530b4da8ae37d506ccfa25057961b7b63d581def6f99165ea89c7e/charset_normalizer-3.3.2-cp312-cp312-musllinux_1_1_i686.whl", hash = "sha256:8bdb58ff7ba23002a4c5808d608e4e6c687175724f54a5dade5fa8c67b604e4d", size = 144819 },
    { url = "https://files.pythonhosted.org/packages/a2/51/e5023f937d7f307c948ed3e5c29c4b7a3e42ed2ee0b8cdf8f3a706089bf0/charset_normalizer-3.3.2-cp312-cp312-musllinux_1_1_ppc64le.whl", hash = "sha256:6b3251890fff30ee142c44144871185dbe13b11bab478a88887a639655be1068", size = 149415 },
    { url = "https://files.pythonhosted.org/packages/24/9d/2e3ef673dfd5be0154b20363c5cdcc5606f35666544381bee15af3778239/charset_normalizer-3.3.2-cp312-cp312-musllinux_1_1_s390x.whl", hash = "sha256:b4a23f61ce87adf89be746c8a8974fe1c823c891d8f86eb218bb957c924bb143", size = 141212 },
    { url = "https://files.pythonhosted.org/packages/5b/ae/ce2c12fcac59cb3860b2e2d76dc405253a4475436b1861d95fe75bdea520/charset_normalizer-3.3.2-cp312-cp312-musllinux_1_1_x86_64.whl", hash = "sha256:efcb3f6676480691518c177e3b465bcddf57cea040302f9f4e6e191af91174d4", size = 142167 },
    { url = "https://files.pythonhosted.org/packages/ed/3a/a448bf035dce5da359daf9ae8a16b8a39623cc395a2ffb1620aa1bce62b0/charset_normalizer-3.3.2-cp312-cp312-win32.whl", hash = "sha256:d965bba47ddeec8cd560687584e88cf699fd28f192ceb452d1d7ee807c5597b7", size = 93041 },
    { url = "https://files.pythonhosted.org/packages/b6/7c/8debebb4f90174074b827c63242c23851bdf00a532489fba57fef3416e40/charset_normalizer-3.3.2-cp312-cp312-win_amd64.whl", hash = "sha256:96b02a3dc4381e5494fad39be677abcb5e6634bf7b4fa83a6dd3112607547001", size = 100397 },
    { url = "https://files.pythonhosted.org/packages/28/76/e6222113b83e3622caa4bb41032d0b1bf785250607392e1b778aca0b8a7d/charset_normalizer-3.3.2-py3-none-any.whl", hash = "sha256:3e4d1f6587322d2788836a99c69062fbb091331ec940e02d12d179c1d53e25fc", size = 48543 },
]

[[package]]
name = "extruct"
version = "0.17.0"
source = { registry = "https://pypi.org/simple" }
dependencies = [
    { name = "html-text" },
    { name = "jstyleson" },
    { name = "lxml" },
    { name = "lxml-html-clean" },
    { name = "mf2py" },
    { name = "pyrdfa3" },
    { name = "rdflib" },
    { name = "w3lib" },
]
sdist = { url = "https://files.pythonhosted.org/packages/0f/11/de0fd08fb77e2d079efce6e9da679327a26594c0a2b30bdf3517273ddc88/extruct-0.17.0.tar.gz", hash = "sha256:a94c0be5b5fd95a8370204ecc02687bd27845d536055d8d1c69a0a30da0420c7", size = 43987 }
wheels = [
    { url = "https://files.pythonhosted.org/packages/60/f0/03a24fd454cf7708f307b26b1c110ca39c2d46a249cc7f9be5738d48168b/extruct-0.17.0-py2.py3-none-any.whl", hash = "sha256:5f1d8e307fbb0c41f64ce486ddfaf16dc67e4b8f6e9570c57b123409ee37a307", size = 26237 },
]

[[package]]
name = "html-text"
version = "0.6.2"
source = { registry = "https://pypi.org/simple" }
dependencies = [
    { name = "lxml" },
    { name = "lxml-html-clean" },
]
sdist = { url = "https://files.pythonhosted.org/packages/5e/35/10ab103fec3b953ed1ba56ff827d00afc170dd204e0785c5fe7d3d6e1ae9/html_text-0.6.2.tar.gz", hash = "sha256:81455b4de5430cf63ce7c45a870fb8629e79ca8518e240f172d62409c2f2ff72", size = 53592 }
wheels = [
    { url = "https://files.pythonhosted.org/packages/b8/bd/b28e8456b952268083642d631bec7d74e1564a54bfd2e6f6d13e597bbec0/html_text-0.6.2-py2.py3-none-any.whl", hash = "sha256:d83d619ccd4b4d6172e21084d8a46e29e49ce87a08cc02161e7ca8c2918e7bca", size = 7694 },
]

[[package]]
name = "html5lib"
version = "1.1"
source = { registry = "https://pypi.org/simple" }
dependencies = [
    { name = "six" },
    { name = "webencodings" },
]
sdist = { url = "https://files.pythonhosted.org/packages/ac/b6/b55c3f49042f1df3dcd422b7f224f939892ee94f22abcf503a9b7339eaf2/html5lib-1.1.tar.gz", hash = "sha256:b2e5b40261e20f354d198eae92afc10d750afb487ed5e50f9c4eaf07c184146f", size = 272215 }
wheels = [
    { url = "https://files.pythonhosted.org/packages/6c/dd/a834df6482147d48e225a49515aabc28974ad5a4ca3215c18a882565b028/html5lib-1.1-py2.py3-none-any.whl", hash = "sha256:0d78f8fde1c230e99fe37986a60526d7049ed4bf8a9fadbad5f00e22e58e041d", size = 112173 },
]

[[package]]
name = "idna"
version = "3.10"
source = { registry = "https://pypi.org/simple" }
sdist = { url = "https://files.pythonhosted.org/packages/f1/70/7703c29685631f5a7590aa73f1f1d3fa9a380e654b86af429e0934a32f7d/idna-3.10.tar.gz", hash = "sha256:12f65c9b470abda6dc35cf8e63cc574b1c52b11df2c86030af0ac09b01b13ea9", size = 190490 }
wheels = [
    { url = "https://files.pythonhosted.org/packages/76/c6/c88e154df9c4e1a2a66ccf0005a88dfb2650c1dffb6f5ce603dfbd452ce3/idna-3.10-py3-none-any.whl", hash = "sha256:946d195a0d259cbba61165e88e65941f16e9b36ea6ddb97f00452bae8b1287d3", size = 70442 },
]

[[package]]
name = "isodate"
version = "0.6.1"
source = { registry = "https://pypi.org/simple" }
dependencies = [
    { name = "six" },
]
sdist = { url = "https://files.pythonhosted.org/packages/db/7a/c0a56c7d56c7fa723988f122fa1f1ccf8c5c4ccc48efad0d214b49e5b1af/isodate-0.6.1.tar.gz", hash = "sha256:48c5881de7e8b0a0d648cb024c8062dc84e7b840ed81e864c7614fd3c127bde9", size = 28443 }
wheels = [
    { url = "https://files.pythonhosted.org/packages/b6/85/7882d311924cbcfc70b1890780763e36ff0b140c7e51c110fc59a532f087/isodate-0.6.1-py2.py3-none-any.whl", hash = "sha256:0751eece944162659049d35f4f549ed815792b38793f07cf73381c1c87cbed96", size = 41722 },
]

[[package]]
name = "jstyleson"
version = "0.0.2"
source = { registry = "https://pypi.org/simple" }
sdist = { url = "https://files.pythonhosted.org/packages/5f/c1/3791e39d65c39b4e081010f2cf6f9443b7b6b9f6de63a5e458172c5c9376/jstyleson-0.0.2.tar.gz", hash = "sha256:680003f3b15a2959e4e6a351f3b858e3c07dd3e073a0d54954e34d8ea5e1308e", size = 2004 }

[[package]]
name = "lxml"
version = "5.3.0"
source = { registry = "https://pypi.org/simple" }
sdist = { url = "https://files.pythonhosted.org/packages/e7/6b/20c3a4b24751377aaa6307eb230b66701024012c29dd374999cc92983269/lxml-5.3.0.tar.gz", hash = "sha256:4e109ca30d1edec1ac60cdbe341905dc3b8f55b16855e03a54aaf59e51ec8c6f", size = 3679318 }
wheels = [
    { url = "https://files.pythonhosted.org/packages/eb/6d/d1f1c5e40c64bf62afd7a3f9b34ce18a586a1cccbf71e783cd0a6d8e8971/lxml-5.3.0-cp312-cp312-macosx_10_9_universal2.whl", hash = "sha256:e99f5507401436fdcc85036a2e7dc2e28d962550afe1cbfc07c40e454256a859", size = 8171753 },
    { url = "https://files.pythonhosted.org/packages/bd/83/26b1864921869784355459f374896dcf8b44d4af3b15d7697e9156cb2de9/lxml-5.3.0-cp312-cp312-macosx_10_9_x86_64.whl", hash = "sha256:384aacddf2e5813a36495233b64cb96b1949da72bef933918ba5c84e06af8f0e", size = 4441955 },
    { url = "https://files.pythonhosted.org/packages/e0/d2/e9bff9fb359226c25cda3538f664f54f2804f4b37b0d7c944639e1a51f69/lxml-5.3.0-cp312-cp312-manylinux_2_12_i686.manylinux2010_i686.manylinux_2_17_i686.manylinux2014_i686.whl", hash = "sha256:874a216bf6afaf97c263b56371434e47e2c652d215788396f60477540298218f", size = 5050778 },
    { url = "https://files.pythonhosted.org/packages/88/69/6972bfafa8cd3ddc8562b126dd607011e218e17be313a8b1b9cc5a0ee876/lxml-5.3.0-cp312-cp312-manylinux_2_17_aarch64.manylinux2014_aarch64.whl", hash = "sha256:65ab5685d56914b9a2a34d67dd5488b83213d680b0c5d10b47f81da5a16b0b0e", size = 4748628 },
    { url = "https://files.pythonhosted.org/packages/5d/ea/a6523c7c7f6dc755a6eed3d2f6d6646617cad4d3d6d8ce4ed71bfd2362c8/lxml-5.3.0-cp312-cp312-manylinux_2_17_ppc64le.manylinux2014_ppc64le.whl", hash = "sha256:aac0bbd3e8dd2d9c45ceb82249e8bdd3ac99131a32b4d35c8af3cc9db1657179", size = 5322215 },
    { url = "https://files.pythonhosted.org/packages/99/37/396fbd24a70f62b31d988e4500f2068c7f3fd399d2fd45257d13eab51a6f/lxml-5.3.0-cp312-cp312-manylinux_2_17_s390x.manylinux2014_s390x.whl", hash = "sha256:b369d3db3c22ed14c75ccd5af429086f166a19627e84a8fdade3f8f31426e52a", size = 4813963 },
    { url = "https://files.pythonhosted.org/packages/09/91/e6136f17459a11ce1757df864b213efbeab7adcb2efa63efb1b846ab6723/lxml-5.3.0-cp312-cp312-manylinux_2_17_x86_64.manylinux2014_x86_64.whl", hash = "sha256:c24037349665434f375645fa9d1f5304800cec574d0310f618490c871fd902b3", size = 4923353 },
    { url = "https://files.pythonhosted.org/packages/1d/7c/2eeecf87c9a1fca4f84f991067c693e67340f2b7127fc3eca8fa29d75ee3/lxml-5.3.0-cp312-cp312-manylinux_2_28_aarch64.whl", hash = "sha256:62d172f358f33a26d6b41b28c170c63886742f5b6772a42b59b4f0fa10526cb1", size = 4740541 },
    { url = "https://files.pythonhosted.org/packages/3b/ed/4c38ba58defca84f5f0d0ac2480fdcd99fc7ae4b28fc417c93640a6949ae/lxml-5.3.0-cp312-cp312-manylinux_2_28_ppc64le.whl", hash = "sha256:c1f794c02903c2824fccce5b20c339a1a14b114e83b306ff11b597c5f71a1c8d", size = 5346504 },
    { url = "https://files.pythonhosted.org/packages/a5/22/bbd3995437e5745cb4c2b5d89088d70ab19d4feabf8a27a24cecb9745464/lxml-5.3.0-cp312-cp312-manylinux_2_28_s390x.whl", hash = "sha256:5d6a6972b93c426ace71e0be9a6f4b2cfae9b1baed2eed2006076a746692288c", size = 4898077 },
    { url = "https://files.pythonhosted.org/packages/0a/6e/94537acfb5b8f18235d13186d247bca478fea5e87d224644e0fe907df976/lxml-5.3.0-cp312-cp312-manylinux_2_28_x86_64.whl", hash = "sha256:3879cc6ce938ff4eb4900d901ed63555c778731a96365e53fadb36437a131a99", size = 4946543 },
    { url = "https://files.pythonhosted.org/packages/8d/e8/4b15df533fe8e8d53363b23a41df9be907330e1fa28c7ca36893fad338ee/lxml-5.3.0-cp312-cp312-musllinux_1_2_aarch64.whl", hash = "sha256:74068c601baff6ff021c70f0935b0c7bc528baa8ea210c202e03757c68c5a4ff", size = 4816841 },
    { url = "https://files.pythonhosted.org/packages/1a/e7/03f390ea37d1acda50bc538feb5b2bda6745b25731e4e76ab48fae7106bf/lxml-5.3.0-cp312-cp312-musllinux_1_2_ppc64le.whl", hash = "sha256:ecd4ad8453ac17bc7ba3868371bffb46f628161ad0eefbd0a855d2c8c32dd81a", size = 5417341 },
    { url = "https://files.pythonhosted.org/packages/ea/99/d1133ab4c250da85a883c3b60249d3d3e7c64f24faff494cf0fd23f91e80/lxml-5.3.0-cp312-cp312-musllinux_1_2_s390x.whl", hash = "sha256:7e2f58095acc211eb9d8b5771bf04df9ff37d6b87618d1cbf85f92399c98dae8", size = 5327539 },
    { url = "https://files.pythonhosted.org/packages/7d/ed/e6276c8d9668028213df01f598f385b05b55a4e1b4662ee12ef05dab35aa/lxml-5.3.0-cp312-cp312-musllinux_1_2_x86_64.whl", hash = "sha256:e63601ad5cd8f860aa99d109889b5ac34de571c7ee902d6812d5d9ddcc77fa7d", size = 5012542 },
    { url = "https://files.pythonhosted.org/packages/36/88/684d4e800f5aa28df2a991a6a622783fb73cf0e46235cfa690f9776f032e/lxml-5.3.0-cp312-cp312-win32.whl", hash = "sha256:17e8d968d04a37c50ad9c456a286b525d78c4a1c15dd53aa46c1d8e06bf6fa30", size = 3486454 },
    { url = "https://files.pythonhosted.org/packages/fc/82/ace5a5676051e60355bd8fb945df7b1ba4f4fb8447f2010fb816bfd57724/lxml-5.3.0-cp312-cp312-win_amd64.whl", hash = "sha256:c1a69e58a6bb2de65902051d57fde951febad631a20a64572677a1052690482f", size = 3816857 },
    { url = "https://files.pythonhosted.org/packages/94/6a/42141e4d373903bfea6f8e94b2f554d05506dfda522ada5343c651410dc8/lxml-5.3.0-cp313-cp313-macosx_10_13_universal2.whl", hash = "sha256:8c72e9563347c7395910de6a3100a4840a75a6f60e05af5e58566868d5eb2d6a", size = 8156284 },
    { url = "https://files.pythonhosted.org/packages/91/5e/fa097f0f7d8b3d113fb7312c6308af702f2667f22644441715be961f2c7e/lxml-5.3.0-cp313-cp313-macosx_10_13_x86_64.whl", hash = "sha256:e92ce66cd919d18d14b3856906a61d3f6b6a8500e0794142338da644260595cd", size = 4432407 },
    { url = "https://files.pythonhosted.org/packages/2d/a1/b901988aa6d4ff937f2e5cfc114e4ec561901ff00660c3e56713642728da/lxml-5.3.0-cp313-cp313-manylinux_2_12_i686.manylinux2010_i686.manylinux_2_17_i686.manylinux2014_i686.whl", hash = "sha256:1d04f064bebdfef9240478f7a779e8c5dc32b8b7b0b2fc6a62e39b928d428e51", size = 5048331 },
    { url = "https://files.pythonhosted.org/packages/30/0f/b2a54f48e52de578b71bbe2a2f8160672a8a5e103df3a78da53907e8c7ed/lxml-5.3.0-cp313-cp313-manylinux_2_17_aarch64.manylinux2014_aarch64.whl", hash = "sha256:5c2fb570d7823c2bbaf8b419ba6e5662137f8166e364a8b2b91051a1fb40ab8b", size = 4744835 },
    { url = "https://files.pythonhosted.org/packages/82/9d/b000c15538b60934589e83826ecbc437a1586488d7c13f8ee5ff1f79a9b8/lxml-5.3.0-cp313-cp313-manylinux_2_17_ppc64le.manylinux2014_ppc64le.whl", hash = "sha256:0c120f43553ec759f8de1fee2f4794452b0946773299d44c36bfe18e83caf002", size = 5316649 },
    { url = "https://files.pythonhosted.org/packages/e3/ee/ffbb9eaff5e541922611d2c56b175c45893d1c0b8b11e5a497708a6a3b3b/lxml-5.3.0-cp313-cp313-manylinux_2_17_s390x.manylinux2014_s390x.whl", hash = "sha256:562e7494778a69086f0312ec9689f6b6ac1c6b65670ed7d0267e49f57ffa08c4", size = 4812046 },
    { url = "https://files.pythonhosted.org/packages/15/ff/7ff89d567485c7b943cdac316087f16b2399a8b997007ed352a1248397e5/lxml-5.3.0-cp313-cp313-manylinux_2_17_x86_64.manylinux2014_x86_64.whl", hash = "sha256:423b121f7e6fa514ba0c7918e56955a1d4470ed35faa03e3d9f0e3baa4c7e492", size = 4918597 },
    { url = "https://files.pythonhosted.org/packages/c6/a3/535b6ed8c048412ff51268bdf4bf1cf052a37aa7e31d2e6518038a883b29/lxml-5.3.0-cp313-cp313-manylinux_2_28_aarch64.whl", hash = "sha256:c00f323cc00576df6165cc9d21a4c21285fa6b9989c5c39830c3903dc4303ef3", size = 4738071 },
    { url = "https://files.pythonhosted.org/packages/7a/8f/cbbfa59cb4d4fd677fe183725a76d8c956495d7a3c7f111ab8f5e13d2e83/lxml-5.3.0-cp313-cp313-manylinux_2_28_ppc64le.whl", hash = "sha256:1fdc9fae8dd4c763e8a31e7630afef517eab9f5d5d31a278df087f307bf601f4", size = 5342213 },
    { url = "https://files.pythonhosted.org/packages/5c/fb/db4c10dd9958d4b52e34d1d1f7c1f434422aeaf6ae2bbaaff2264351d944/lxml-5.3.0-cp313-cp313-manylinux_2_28_s390x.whl", hash = "sha256:658f2aa69d31e09699705949b5fc4719cbecbd4a97f9656a232e7d6c7be1a367", size = 4893749 },
    { url = "https://files.pythonhosted.org/packages/f2/38/bb4581c143957c47740de18a3281a0cab7722390a77cc6e610e8ebf2d736/lxml-5.3.0-cp313-cp313-manylinux_2_28_x86_64.whl", hash = "sha256:1473427aff3d66a3fa2199004c3e601e6c4500ab86696edffdbc84954c72d832", size = 4945901 },
    { url = "https://files.pythonhosted.org/packages/fc/d5/18b7de4960c731e98037bd48fa9f8e6e8f2558e6fbca4303d9b14d21ef3b/lxml-5.3.0-cp313-cp313-musllinux_1_2_aarch64.whl", hash = "sha256:a87de7dd873bf9a792bf1e58b1c3887b9264036629a5bf2d2e6579fe8e73edff", size = 4815447 },
    { url = "https://files.pythonhosted.org/packages/97/a8/cd51ceaad6eb849246559a8ef60ae55065a3df550fc5fcd27014361c1bab/lxml-5.3.0-cp313-cp313-musllinux_1_2_ppc64le.whl", hash = "sha256:0d7b36afa46c97875303a94e8f3ad932bf78bace9e18e603f2085b652422edcd", size = 5411186 },
    { url = "https://files.pythonhosted.org/packages/89/c3/1e3dabab519481ed7b1fdcba21dcfb8832f57000733ef0e71cf6d09a5e03/lxml-5.3.0-cp313-cp313-musllinux_1_2_s390x.whl", hash = "sha256:cf120cce539453ae086eacc0130a324e7026113510efa83ab42ef3fcfccac7fb", size = 5324481 },
    { url = "https://files.pythonhosted.org/packages/b6/17/71e9984cf0570cd202ac0a1c9ed5c1b8889b0fc8dc736f5ef0ffb181c284/lxml-5.3.0-cp313-cp313-musllinux_1_2_x86_64.whl", hash = "sha256:df5c7333167b9674aa8ae1d4008fa4bc17a313cc490b2cca27838bbdcc6bb15b", size = 5011053 },
    { url = "https://files.pythonhosted.org/packages/69/68/9f7e6d3312a91e30829368c2b3217e750adef12a6f8eb10498249f4e8d72/lxml-5.3.0-cp313-cp313-win32.whl", hash = "sha256:c802e1c2ed9f0c06a65bc4ed0189d000ada8049312cfeab6ca635e39c9608957", size = 3485634 },
    { url = "https://files.pythonhosted.org/packages/7d/db/214290d58ad68c587bd5d6af3d34e56830438733d0d0856c0275fde43652/lxml-5.3.0-cp313-cp313-win_amd64.whl", hash = "sha256:406246b96d552e0503e17a1006fd27edac678b3fcc9f1be71a2f94b4ff61528d", size = 3814417 },
]

[[package]]
name = "lxml-html-clean"
version = "0.2.2"
source = { registry = "https://pypi.org/simple" }
dependencies = [
    { name = "lxml" },
]
sdist = { url = "https://files.pythonhosted.org/packages/ef/b7/407da72fcd7b92fc4f41f3b8e94a733b2deae061d6d4ccf26d2c86dc1d42/lxml_html_clean-0.2.2.tar.gz", hash = "sha256:cc34178e34673025c49c3d7f4bd48754e9e4b23875df2308f43c21733d8437fb", size = 19619 }
wheels = [
    { url = "https://files.pythonhosted.org/packages/0f/20/3581a4c3bac717ed6d7e832cc40623b18c9d4ba53fc1e130d7d1a083c9e2/lxml_html_clean-0.2.2-py3-none-any.whl", hash = "sha256:177ebe822b39d1b68df7c0c34ba005cb087b23d3791dae87efb3a2bb162ef398", size = 13136 },
]

[[package]]
name = "mf2py"
version = "2.0.1"
source = { registry = "https://pypi.org/simple" }
dependencies = [
    { name = "beautifulsoup4" },
    { name = "html5lib" },
    { name = "requests" },
]
sdist = { url = "https://files.pythonhosted.org/packages/f8/7d/bccfc42706cb24053e7897c33c14e79a8c9c69379d21edfca13ec93ed0ac/mf2py-2.0.1.tar.gz", hash = "sha256:1380924633413b8d72e704b5c86b4382c4b1371699edecc907b01cd21138d7cd", size = 21843 }
wheels = [
    { url = "https://files.pythonhosted.org/packages/8e/88/b1d83c9e71cbdaefcec38ea350d2bd6360a9d1e030b090ad4b0fcc421ca1/mf2py-2.0.1-py3-none-any.whl", hash = "sha256:092806e17f1a93db4aafa5e8d3c4124b5e42cd89027e2db48a5248ef4eabde03", size = 25767 },
]

[[package]]
name = "pyparsing"
version = "3.1.4"
source = { registry = "https://pypi.org/simple" }
sdist = { url = "https://files.pythonhosted.org/packages/83/08/13f3bce01b2061f2bbd582c9df82723de943784cf719a35ac886c652043a/pyparsing-3.1.4.tar.gz", hash = "sha256:f86ec8d1a83f11977c9a6ea7598e8c27fc5cddfa5b07ea2241edbbde1d7bc032", size = 900231 }
wheels = [
    { url = "https://files.pythonhosted.org/packages/e5/0c/0e3c05b1c87bb6a1c76d281b0f35e78d2d80ac91b5f8f524cebf77f51049/pyparsing-3.1.4-py3-none-any.whl", hash = "sha256:a6a7ee4235a3f944aa1fa2249307708f893fe5717dc603503c6c7969c070fb7c", size = 104100 },
]

[[package]]
name = "pyrdfa3"
version = "3.6.4"
source = { registry = "https://pypi.org/simple" }
dependencies = [
    { name = "html5lib" },
    { name = "rdflib" },
    { name = "requests" },
]
sdist = { url = "https://files.pythonhosted.org/packages/7e/e7/371fbf450fe8fde9928d277122acfaa041c8085daa551a367efcd104e0df/pyrdfa3-3.6.4.tar.gz", hash = "sha256:64712d1a4bf21829652b39715bada6e7c03bcf19cb49f962c190a38f46172243", size = 84506 }
wheels = [
    { url = "https://files.pythonhosted.org/packages/77/c5/16448d541e7964981d74fc80d3675d9307afe1bacf06026ff2ada8da1ab6/pyRdfa3-3.6.4-py3-none-any.whl", hash = "sha256:ed11affa5567ab7afdbc939a58f9286a274447f3ab2999c260c56b5c6e87fb2f", size = 97526 },
]

[[package]]
name = "rdflib"
version = "7.0.0"
source = { registry = "https://pypi.org/simple" }
dependencies = [
    { name = "isodate" },
    { name = "pyparsing" },
]
sdist = { url = "https://files.pythonhosted.org/packages/0d/a3/63740490a392921a611cfc05b5b17bffd4259b3c9589c7904a4033b3d291/rdflib-7.0.0.tar.gz", hash = "sha256:9995eb8569428059b8c1affd26b25eac510d64f5043d9ce8c84e0d0036e995ae", size = 4765796 }
wheels = [
    { url = "https://files.pythonhosted.org/packages/d4/b0/7b7d8b5b0d01f1a0b12cc2e5038a868ef3a15825731b8a0d776cf47566c0/rdflib-7.0.0-py3-none-any.whl", hash = "sha256:0438920912a642c866a513de6fe8a0001bd86ef975057d6962c79ce4771687cd", size = 531912 },
]

[[package]]
name = "recipe-scrapers"
version = "15.1.0"
source = { registry = "https://pypi.org/simple" }
dependencies = [
    { name = "beautifulsoup4" },
    { name = "extruct" },
    { name = "isodate" },
]
sdist = { url = "https://files.pythonhosted.org/packages/d6/76/c2d670fe9fe053b65f2a8f996e1b6336caae8eea5c4a1568f4fa049c7286/recipe_scrapers-15.1.0.tar.gz", hash = "sha256:268915941fe881e8bbeee72bde78d516808db57e1a9cc54001f332e3e18c6111", size = 115737 }
wheels = [
    { url = "https://files.pythonhosted.org/packages/62/e5/b53c701652c9e10ac1c813839c481f25b0e7835a948db381f4b8f7a2bd1f/recipe_scrapers-15.1.0-py3-none-any.whl", hash = "sha256:f3fc6568d3e7562c049cc358e0a6fb1b349a783206279cbaa4ee16d6ae1903ea", size = 214913 },
]

[[package]]
name = "requests"
version = "2.32.3"
source = { registry = "https://pypi.org/simple" }
dependencies = [
    { name = "certifi" },
    { name = "charset-normalizer" },
    { name = "idna" },
    { name = "urllib3" },
]
sdist = { url = "https://files.pythonhosted.org/packages/63/70/2bf7780ad2d390a8d301ad0b550f1581eadbd9a20f896afe06353c2a2913/requests-2.32.3.tar.gz", hash = "sha256:55365417734eb18255590a9ff9eb97e9e1da868d4ccd6402399eaf68af20a760", size = 131218 }
wheels = [
    { url = "https://files.pythonhosted.org/packages/f9/9b/335f9764261e915ed497fcdeb11df5dfd6f7bf257d4a6a2a686d80da4d54/requests-2.32.3-py3-none-any.whl", hash = "sha256:70761cfe03c773ceb22aa2f671b4757976145175cdfca038c02654d061d6dcc6", size = 64928 },
]

[[package]]
name = "simple-recipes-cookbook"
version = "0.1.0"
source = { virtual = "." }
dependencies = [
    { name = "recipe-scrapers" },
]

[package.metadata]
requires-dist = [{ name = "recipe-scrapers", specifier = ">=14.57.0" }]

[[package]]
name = "six"
version = "1.16.0"
source = { registry = "https://pypi.org/simple" }
sdist = { url = "https://files.pythonhosted.org/packages/71/39/171f1c67cd00715f190ba0b100d606d440a28c93c7714febeca8b79af85e/six-1.16.0.tar.gz", hash = "sha256:1e61c37477a1626458e36f7b1d82aa5c9b094fa4802892072e49de9c60c4c926", size = 34041 }
wheels = [
    { url = "https://files.pythonhosted.org/packages/d9/5a/e7c31adbe875f2abbb91bd84cf2dc52d792b5a01506781dbcf25c91daf11/six-1.16.0-py2.py3-none-any.whl", hash = "sha256:8abb2f1d86890a2dfb989f9a77cfcfd3e47c2a354b01111771326f8aa26e0254", size = 11053 },
]

[[package]]
name = "soupsieve"
version = "2.6"
source = { registry = "https://pypi.org/simple" }
sdist = { url = "https://files.pythonhosted.org/packages/d7/ce/fbaeed4f9fb8b2daa961f90591662df6a86c1abf25c548329a86920aedfb/soupsieve-2.6.tar.gz", hash = "sha256:e2e68417777af359ec65daac1057404a3c8a5455bb8abc36f1a9866ab1a51abb", size = 101569 }
wheels = [
    { url = "https://files.pythonhosted.org/packages/d1/c2/fe97d779f3ef3b15f05c94a2f1e3d21732574ed441687474db9d342a7315/soupsieve-2.6-py3-none-any.whl", hash = "sha256:e72c4ff06e4fb6e4b5a9f0f55fe6e81514581fca1515028625d0f299c602ccc9", size = 36186 },
]

[[package]]
name = "urllib3"
version = "2.2.3"
source = { registry = "https://pypi.org/simple" }
sdist = { url = "https://files.pythonhosted.org/packages/ed/63/22ba4ebfe7430b76388e7cd448d5478814d3032121827c12a2cc287e2260/urllib3-2.2.3.tar.gz", hash = "sha256:e7d814a81dad81e6caf2ec9fdedb284ecc9c73076b62654547cc64ccdcae26e9", size = 300677 }
wheels = [
    { url = "https://files.pythonhosted.org/packages/ce/d9/5f4c13cecde62396b0d3fe530a50ccea91e7dfc1ccf0e09c228841bb5ba8/urllib3-2.2.3-py3-none-any.whl", hash = "sha256:ca899ca043dcb1bafa3e262d73aa25c465bfb49e0bd9dd5d59f1d0acba2f8fac", size = 126338 },
]

[[package]]
name = "w3lib"
version = "2.2.1"
source = { registry = "https://pypi.org/simple" }
sdist = { url = "https://files.pythonhosted.org/packages/cc/dd/8d080c3bf19f4e853433193e0ffd894d9f5c5a55c11d7283038ee822a0db/w3lib-2.2.1.tar.gz", hash = "sha256:756ff2d94c64e41c8d7c0c59fea12a5d0bc55e33a531c7988b4a163deb9b07dd", size = 49603 }
wheels = [
    { url = "https://files.pythonhosted.org/packages/df/d6/ff9000e85b820ab36c0a93f2c8a4b334a80821b631a56c252aed2d0bd2d3/w3lib-2.2.1-py3-none-any.whl", hash = "sha256:e56d81c6a6bf507d7039e0c95745ab80abd24b465eb0f248af81e3eaa46eb510", size = 21948 },
]

[[package]]
name = "webencodings"
version = "0.5.1"
source = { registry = "https://pypi.org/simple" }
sdist = { url = "https://files.pythonhosted.org/packages/0b/02/ae6ceac1baeda530866a85075641cec12989bd8d31af6d5ab4a3e8c92f47/webencodings-0.5.1.tar.gz", hash = "sha256:b36a1c245f2d304965eb4e0a82848379241dc04b865afcc4aab16748587e1923", size = 9721 }
wheels = [
    { url = "https://files.pythonhosted.org/packages/f4/24/2a3e3df732393fed8b3ebf2ec078f05546de641fe1b667ee316ec1dcf3b7/webencodings-0.5.1-py2.py3-none-any.whl", hash = "sha256:a0af1213f3c2226497a97e2b3aa01a7e4bee4f403f95be16fc9acd2947514a78", size = 11774 },
]
